
Microsoft Visual Studio Solution File, Format Version 12.00
# Visual Studio 15
Project("{FAE04EC0-301F-11D3-BF4B-00C04F79EFBC}") = "Assembly-CSharp-firstpass", "Assembly-CSharp-firstpass.csproj", "{0AE39C1B-5EE4-EC24-209C-5A9356906FAE}"
EndProject
Project("{FAE04EC0-301F-11D3-BF4B-00C04F79EFBC}") = "Assembly-CSharp", "Assembly-CSharp.csproj", "{4BD2FB12-5D9B-478C-A3B4-CDC966050613}"
EndProject
Project("{FAE04EC0-301F-11D3-BF4B-00C04F79EFBC}") = "Assembly-CSharp-Editor-firstpass", "Assembly-CSharp-Editor-firstpass.csproj", "{F8EDDEE9-0797-3BBB-3C87-6BDBFAC317A0}"
EndProject
Global
	GlobalSection(SolutionConfigurationPlatforms) = preSolution
		Debug|Any CPU = Debug|Any CPU
		Release|Any CPU = Release|Any CPU
	EndGlobalSection
	GlobalSection(ProjectConfigurationPlatforms) = postSolution
		{0AE39C1B-5EE4-EC24-209C-5A9356906FAE}.Debug|Any CPU.ActiveCfg = Debug|Any CPU
		{0AE39C1B-5EE4-EC24-209C-5A9356906FAE}.Debug|Any CPU.Build.0 = Debug|Any CPU
		{0AE39C1B-5EE4-EC24-209C-5A9356906FAE}.Release|Any CPU.ActiveCfg = Release|Any CPU
		{0AE39C1B-5EE4-EC24-209C-5A9356906FAE}.Release|Any CPU.Build.0 = Release|Any CPU
		{4BD2FB12-5D9B-478C-A3B4-CDC966050613}.Debug|Any CPU.ActiveCfg = Debug|Any CPU
		{4BD2FB12-5D9B-478C-A3B4-CDC966050613}.Debug|Any CPU.Build.0 = Debug|Any CPU
		{4BD2FB12-5D9B-478C-A3B4-CDC966050613}.Release|Any CPU.ActiveCfg = Release|Any CPU
		{4BD2FB12-5D9B-478C-A3B4-CDC966050613}.Release|Any CPU.Build.0 = Release|Any CPU
		{F8EDDEE9-0797-3BBB-3C87-6BDBFAC317A0}.Debug|Any CPU.ActiveCfg = Debug|Any CPU
		{F8EDDEE9-0797-3BBB-3C87-6BDBFAC317A0}.Debug|Any CPU.Build.0 = Debug|Any CPU
		{F8EDDEE9-0797-3BBB-3C87-6BDBFAC317A0}.Release|Any CPU.ActiveCfg = Release|Any CPU
		{F8EDDEE9-0797-3BBB-3C87-6BDBFAC317A0}.Release|Any CPU.Build.0 = Release|Any CPU
	EndGlobalSection
	GlobalSection(SolutionProperties) = preSolution
		HideSolutionNode = FALSE
	EndGlobalSection
EndGlobal
